<?xml version="1.0" encoding="utf-8"?>
<Project ToolsVersion="4.0" xmlns="http://schemas.microsoft.com/developer/msbuild/2003">
  <ItemGroup>
    <Filter Include="Source Files">
      <UniqueIdentifier>{4FC737F1-C7A5-4376-A066-2A32D752A2FF}</UniqueIdentifier>
      <Extensions>cpp;c;cc;cxx;def;odl;idl;hpj;bat;asm;asmx</Extensions>
    </Filter>
    <Filter Include="Header Files">
      <UniqueIdentifier>{93995380-89BD-4b04-88EB-625FBE52EBFB}</UniqueIdentifier>
      <Extensions>h;hh;hpp;hxx;hm;inl;inc;ipp;xsd</Extensions>
    </Filter>
    <Filter Include="Header Files\Scenes">
      <UniqueIdentifier>{6c631e81-6ce2-45f6-a9ff-6bade3beba0d}</UniqueIdentifier>
    </Filter>
    <Filter Include="Source Files\Scenes">
      <UniqueIdentifier>{9e0dad7e-261a-4d70-9fd7-4395429f8725}</UniqueIdentifier>
    </Filter>
    <Filter Include="Header Files\Entities">
      <UniqueIdentifier>{d038912a-4637-456a-b748-fff4c50d2aa9}</UniqueIdentifier>
    </Filter>
    <Filter Include="Source Files\Entities">
      <UniqueIdentifier>{7fcdeec4-272a-4aba-9007-1cc7f6695410}</UniqueIdentifier>
    </Filter>
    <Filter Include="Header Files\Components">
      <UniqueIdentifier>{3f265dd1-0b65-4538-b17f-e3dadb4bb12e}</UniqueIdentifier>
    </Filter>
    <Filter Include="Source Files\Components">
      <UniqueIdentifier>{1d670aff-3f9e-43e1-bc1c-247e740402d3}</UniqueIdentifier>
    </Filter>
  </ItemGroup>
  <ItemGroup>
    <ClCompile Include="sources\Game.cpp">
      <Filter>Source Files</Filter>
    </ClCompile>
    <ClCompile Include="sources\GamePlay.cpp">
      <Filter>Source Files\Scenes</Filter>
    </ClCompile>
    <ClCompile Include="sources\MainMenu.cpp">
      <Filter>Source Files\Scenes</Filter>
    </ClCompile>
    <ClCompile Include="sources\GameScreen.cpp">
      <Filter>Source Files\Entities</Filter>
    </ClCompile>
    <ClCompile Include="sources\MenuScreen.cpp">
      <Filter>Source Files\Entities</Filter>
    </ClCompile>
    <ClCompile Include="sources\MenuOption.cpp">
      <Filter>Source Files\Entities</Filter>
    </ClCompile>
    <ClCompile Include="sources\Block.cpp">
      <Filter>Source Files</Filter>
    </ClCompile>
    <ClCompile Include="sources\Board.cpp">
      <Filter>Source Files\Entities</Filter>
    </ClCompile>
    <ClCompile Include="sources\BoardControl.cpp">
      <Filter>Source Files\Components</Filter>
    </ClCompile>
    <ClCompile Include="sources\NextBlockBox.cpp">
      <Filter>Source Files\Entities</Filter>
    </ClCompile>
    <ClCompile Include="sources\LineBox.cpp">
      <Filter>Source Files\Entities</Filter>
    </ClCompile>
    <ClCompile Include="sources\ScoreBox.cpp">
      <Filter>Source Files\Entities</Filter>
    </ClCompile>
    <ClCompile Include="sources\StatsBox.cpp">
      <Filter>Source Files\Entities</Filter>
    </ClCompile>
    <ClCompile Include="sources\Assets.cpp">
      <Filter>Source Files</Filter>
    </ClCompile>
    <ClCompile Include="sources\TestMap.cpp">
      <Filter>Source Files\Scenes</Filter>
    </ClCompile>
    <ClCompile Include="sources\DemoMap.cpp">
      <Filter>Source Files\Entities</Filter>
    </ClCompile>
    <ClCompile Include="sources\RectEntity.cpp">
      <Filter>Source Files\Entities</Filter>
    </ClCompile>
    <ClCompile Include="sources\FpsCounter.cpp">
      <Filter>Source Files\Components</Filter>
    </ClCompile>
    <ClCompile Include="sources\Button.cpp">
      <Filter>Source Files\Components</Filter>
    </ClCompile>
    <ClCompile Include="sources\PixelMiner_Map.cpp">
      <Filter>Source Files\Entities</Filter>
    </ClCompile>
    <ClCompile Include="sources\GamePlay_Loader.cpp">
      <Filter>Source Files\Scenes</Filter>
    </ClCompile>
    <ClCompile Include="sources\MainMenu_Loader.cpp">
      <Filter>Source Files\Scenes</Filter>
    </ClCompile>
    <ClCompile Include="includes\Background_MainMenu.cpp">
      <Filter>Source Files\Entities</Filter>
    </ClCompile>
    <ClCompile Include="includes\Dwarf_Player.cpp">
      <Filter>Source Files\Entities</Filter>
    </ClCompile>
    <ClCompile Include="includes\QuestBox.cpp">
      <Filter>Source Files\Entities</Filter>
    </ClCompile>
  </ItemGroup>
  <ItemGroup>
    <ClInclude Include="includes\GamePlay.h">
      <Filter>Header Files\Scenes</Filter>
    </ClInclude>
    <ClInclude Include="includes\MainMenu.h">
      <Filter>Header Files\Scenes</Filter>
    </ClInclude>
    <ClInclude Include="includes\MenuScreen.h">
      <Filter>Header Files\Entities</Filter>
    </ClInclude>
    <ClInclude Include="includes\GameScreen.h">
      <Filter>Header Files\Entities</Filter>
    </ClInclude>
    <ClInclude Include="includes\MenuOption.h">
      <Filter>Header Files\Entities</Filter>
    </ClInclude>
    <ClInclude Include="includes\Block.h">
      <Filter>Header Files</Filter>
    </ClInclude>
    <ClInclude Include="includes\Board.h">
      <Filter>Header Files\Entities</Filter>
    </ClInclude>
    <ClInclude Include="includes\BoardControl.h">
      <Filter>Header Files\Components</Filter>
    </ClInclude>
    <ClInclude Include="includes\NextBlockBox.h">
      <Filter>Header Files\Entities</Filter>
    </ClInclude>
    <ClInclude Include="includes\LineBox.h">
      <Filter>Header Files\Entities</Filter>
    </ClInclude>
    <ClInclude Include="includes\ScoreBox.h">
      <Filter>Header Files\Entities</Filter>
    </ClInclude>
    <ClInclude Include="includes\StatsBox.h">
      <Filter>Header Files\Entities</Filter>
    </ClInclude>
    <ClInclude Include="includes\Assets.h">
      <Filter>Header Files</Filter>
    </ClInclude>
    <ClInclude Include="includes\TestMaps.h">
      <Filter>Header Files\Scenes</Filter>
    </ClInclude>
    <ClInclude Include="includes\DemoMap.h">
      <Filter>Header Files\Entities</Filter>
    </ClInclude>
    <ClInclude Include="includes\RectEntity.h">
      <Filter>Header Files\Entities</Filter>
    </ClInclude>
    <ClInclude Include="includes\FpsCounter.h">
      <Filter>Header Files\Components</Filter>
    </ClInclude>
    <ClInclude Include="includes\Button.h">
      <Filter>Header Files\Components</Filter>
    </ClInclude>
    <ClInclude Include="includes\PixelMiner_Map.h">
      <Filter>Header Files\Entities</Filter>
    </ClInclude>
    <ClInclude Include="includes\GamePlay_Loader.h">
      <Filter>Header Files\Scenes</Filter>
    </ClInclude>
    <ClInclude Include="includes\MainMenu_Loader.h">
      <Filter>Header Files\Scenes</Filter>
    </ClInclude>
    <ClInclude Include="includes\Background_MainMenu.h">
      <Filter>Header Files\Entities</Filter>
    </ClInclude>
    <ClInclude Include="includes\Dwarf_Player.h">
      <Filter>Header Files\Entities</Filter>
    </ClInclude>
    <ClInclude Include="includes\QuestBox.h">
      <Filter>Header Files\Entities</Filter>
    </ClInclude>
  </ItemGroup>
</Project>