
Microsoft Visual Studio Solution File, Format Version 12.00
# Visual Studio 15
VisualStudioVersion = 15.0.28307.539
MinimumVisualStudioVersion = 10.0.40219.1
Project("{8BC9CEB8-8B4A-11D0-8D11-00A0C91BC942}") = "bartengine", "bartengine\bartengine.vcxproj", "{93C7D34B-5485-43B5-ABDA-6FAF41CF54D8}"
EndProject
Project("{8BC9CEB8-8B4A-11D0-8D11-00A0C91BC942}") = "game", "game\game.vcxproj", "{585205FF-61D4-4FB5-A8B9-511E7FB59857}"
EndProject
Global
	GlobalSection(SolutionConfigurationPlatforms) = preSolution
		Debug|x64 = Debug|x64
		Debug|x86 = Debug|x86
		Release|x64 = Release|x64
		Release|x86 = Release|x86
	EndGlobalSection
	GlobalSection(ProjectConfigurationPlatforms) = postSolution
		{93C7D34B-5485-43B5-ABDA-6FAF41CF54D8}.Debug|x64.ActiveCfg = Debug|x64
		{93C7D34B-5485-43B5-ABDA-6FAF41CF54D8}.Debug|x64.Build.0 = Debug|x64
		{93C7D34B-5485-43B5-ABDA-6FAF41CF54D8}.Debug|x86.ActiveCfg = Debug|Win32
		{93C7D34B-5485-43B5-ABDA-6FAF41CF54D8}.Debug|x86.Build.0 = Debug|Win32
		{93C7D34B-5485-43B5-ABDA-6FAF41CF54D8}.Release|x64.ActiveCfg = Release|x64
		{93C7D34B-5485-43B5-ABDA-6FAF41CF54D8}.Release|x64.Build.0 = Release|x64
		{93C7D34B-5485-43B5-ABDA-6FAF41CF54D8}.Release|x86.ActiveCfg = Release|Win32
		{93C7D34B-5485-43B5-ABDA-6FAF41CF54D8}.Release|x86.Build.0 = Release|Win32
		{585205FF-61D4-4FB5-A8B9-511E7FB59857}.Debug|x64.ActiveCfg = Debug|x64
		{585205FF-61D4-4FB5-A8B9-511E7FB59857}.Debug|x64.Build.0 = Debug|x64
		{585205FF-61D4-4FB5-A8B9-511E7FB59857}.Debug|x86.ActiveCfg = Debug|Win32
		{585205FF-61D4-4FB5-A8B9-511E7FB59857}.Debug|x86.Build.0 = Debug|Win32
		{585205FF-61D4-4FB5-A8B9-511E7FB59857}.Release|x64.ActiveCfg = Release|x64
		{585205FF-61D4-4FB5-A8B9-511E7FB59857}.Release|x64.Build.0 = Release|x64
		{585205FF-61D4-4FB5-A8B9-511E7FB59857}.Release|x86.ActiveCfg = Release|Win32
		{585205FF-61D4-4FB5-A8B9-511E7FB59857}.Release|x86.Build.0 = Release|Win32
	EndGlobalSection
	GlobalSection(SolutionProperties) = preSolution
		HideSolutionNode = FALSE
	EndGlobalSection
	GlobalSection(ExtensibilityGlobals) = postSolution
		SolutionGuid = {111B2FB6-4766-4E4A-BF9C-6E1D67CE1BE9}
	EndGlobalSection
EndGlobal
